
Microsoft Visual Studio Solution File, Format Version 12.00
# Visual Studio Version 17
VisualStudioVersion = 17.3.32819.101
MinimumVisualStudioVersion = 10.0.40219.1
Project("{FAE04EC0-301F-11D3-BF4B-00C04F79EFBC}") = "DapperInClass", "DapperInClass.csproj", "{052B0485-BA91-461F-BC50-5817CD6B8EBE}"
EndProject
Global
	GlobalSection(SolutionConfigurationPlatforms) = preSolution
		Debug|Any CPU = Debug|Any CPU
		Release|Any CPU = Release|Any CPU
	EndGlobalSection
	GlobalSection(ProjectConfigurationPlatforms) = postSolution
		{052B0485-BA91-461F-BC50-5817CD6B8EBE}.Debug|Any CPU.ActiveCfg = Debug|Any CPU
		{052B0485-BA91-461F-BC50-5817CD6B8EBE}.Debug|Any CPU.Build.0 = Debug|Any CPU
		{052B0485-BA91-461F-BC50-5817CD6B8EBE}.Release|Any CPU.ActiveCfg = Release|Any CPU
		{052B0485-BA91-461F-BC50-5817CD6B8EBE}.Release|Any CPU.Build.0 = Release|Any CPU
	EndGlobalSection
	GlobalSection(SolutionProperties) = preSolution
		HideSolutionNode = FALSE
	EndGlobalSection
	GlobalSection(ExtensibilityGlobals) = postSolution
		SolutionGuid = {18A1AF89-4596-4648-B59A-EF4DE5809436}
	EndGlobalSection
EndGlobal
